
Microsoft Visual Studio Solution File, Format Version 12.00
# Visual Studio Version 16
VisualStudioVersion = 16.0.30114.105
MinimumVisualStudioVersion = 10.0.40219.1
Project("{9A19103F-16F7-4668-BE54-9A1E7A4F7556}") = "MatrixStringGuesser", "MatrixStringGuesser.csproj", "{3328A600-E896-4A8C-9CC4-1BF4F93D03AD}"
EndProject
Global
	GlobalSection(SolutionConfigurationPlatforms) = preSolution
		Debug|Any CPU = Debug|Any CPU
		Release|Any CPU = Release|Any CPU
	EndGlobalSection
	GlobalSection(ProjectConfigurationPlatforms) = postSolution
		{3328A600-E896-4A8C-9CC4-1BF4F93D03AD}.Debug|Any CPU.ActiveCfg = Debug|Any CPU
		{3328A600-E896-4A8C-9CC4-1BF4F93D03AD}.Debug|Any CPU.Build.0 = Debug|Any CPU
		{3328A600-E896-4A8C-9CC4-1BF4F93D03AD}.Release|Any CPU.ActiveCfg = Release|Any CPU
		{3328A600-E896-4A8C-9CC4-1BF4F93D03AD}.Release|Any CPU.Build.0 = Release|Any CPU
	EndGlobalSection
	GlobalSection(SolutionProperties) = preSolution
		HideSolutionNode = FALSE
	EndGlobalSection
	GlobalSection(ExtensibilityGlobals) = postSolution
		SolutionGuid = {6F20DBCA-0A77-4B6C-9FC3-76B0A7053517}
	EndGlobalSection
EndGlobal
